
Microsoft Visual Studio Solution File, Format Version 12.00
# Visual Studio Version 17
VisualStudioVersion = 17.8.34330.188
MinimumVisualStudioVersion = 10.0.40219.1
Project("{9A19103F-16F7-4668-BE54-9A1E7A4F7556}") = "BillingEngine", "BillingEngine.csproj", "{C4B9DD78-8BF3-44EC-8667-49B84741CB80}"
EndProject
Project("{FAE04EC0-301F-11D3-BF4B-00C04F79EFBC}") = "Billing_System_UnitTest", "..\Billing_System_UnitTest\Billing_System_UnitTest.csproj", "{0F346C7F-174A-43A6-946C-4DF652AC3338}"
EndProject
Global
	GlobalSection(SolutionConfigurationPlatforms) = preSolution
		Debug|Any CPU = Debug|Any CPU
		Release|Any CPU = Release|Any CPU
	EndGlobalSection
	GlobalSection(ProjectConfigurationPlatforms) = postSolution
		{C4B9DD78-8BF3-44EC-8667-49B84741CB80}.Debug|Any CPU.ActiveCfg = Debug|Any CPU
		{C4B9DD78-8BF3-44EC-8667-49B84741CB80}.Debug|Any CPU.Build.0 = Debug|Any CPU
		{C4B9DD78-8BF3-44EC-8667-49B84741CB80}.Release|Any CPU.ActiveCfg = Release|Any CPU
		{C4B9DD78-8BF3-44EC-8667-49B84741CB80}.Release|Any CPU.Build.0 = Release|Any CPU
		{0F346C7F-174A-43A6-946C-4DF652AC3338}.Debug|Any CPU.ActiveCfg = Debug|Any CPU
		{0F346C7F-174A-43A6-946C-4DF652AC3338}.Debug|Any CPU.Build.0 = Debug|Any CPU
		{0F346C7F-174A-43A6-946C-4DF652AC3338}.Release|Any CPU.ActiveCfg = Release|Any CPU
		{0F346C7F-174A-43A6-946C-4DF652AC3338}.Release|Any CPU.Build.0 = Release|Any CPU
	EndGlobalSection
	GlobalSection(SolutionProperties) = preSolution
		HideSolutionNode = FALSE
	EndGlobalSection
	GlobalSection(ExtensibilityGlobals) = postSolution
		SolutionGuid = {98F8841D-9E7F-4E0F-B4F3-9319B29A739E}
	EndGlobalSection
EndGlobal
